
Microsoft Visual Studio Solution File, Format Version 12.00
# Visual Studio 2013
VisualStudioVersion = 12.0.31101.0
MinimumVisualStudioVersion = 10.0.40219.1
Project("{FAE04EC0-301F-11D3-BF4B-00C04F79EFBC}") = "netduino-scheduler", "netduino-scheduler.csproj", "{5A6F1110-9D28-4F94-87C7-847C7E120D11}"
EndProject
Project("{FAE04EC0-301F-11D3-BF4B-00C04F79EFBC}") = "example", "..\example\example.csproj", "{BFD3350B-1D2E-4D7E-AEC2-EFFE339DDEB7}"
EndProject
Global
	GlobalSection(SolutionConfigurationPlatforms) = preSolution
		Debug|Any CPU = Debug|Any CPU
		Release|Any CPU = Release|Any CPU
	EndGlobalSection
	GlobalSection(ProjectConfigurationPlatforms) = postSolution
		{5A6F1110-9D28-4F94-87C7-847C7E120D11}.Debug|Any CPU.ActiveCfg = Debug|Any CPU
		{5A6F1110-9D28-4F94-87C7-847C7E120D11}.Debug|Any CPU.Build.0 = Debug|Any CPU
		{5A6F1110-9D28-4F94-87C7-847C7E120D11}.Debug|Any CPU.Deploy.0 = Debug|Any CPU
		{5A6F1110-9D28-4F94-87C7-847C7E120D11}.Release|Any CPU.ActiveCfg = Release|Any CPU
		{5A6F1110-9D28-4F94-87C7-847C7E120D11}.Release|Any CPU.Build.0 = Release|Any CPU
		{5A6F1110-9D28-4F94-87C7-847C7E120D11}.Release|Any CPU.Deploy.0 = Release|Any CPU
		{BFD3350B-1D2E-4D7E-AEC2-EFFE339DDEB7}.Debug|Any CPU.ActiveCfg = Debug|Any CPU
		{BFD3350B-1D2E-4D7E-AEC2-EFFE339DDEB7}.Debug|Any CPU.Build.0 = Debug|Any CPU
		{BFD3350B-1D2E-4D7E-AEC2-EFFE339DDEB7}.Debug|Any CPU.Deploy.0 = Debug|Any CPU
		{BFD3350B-1D2E-4D7E-AEC2-EFFE339DDEB7}.Release|Any CPU.ActiveCfg = Release|Any CPU
		{BFD3350B-1D2E-4D7E-AEC2-EFFE339DDEB7}.Release|Any CPU.Build.0 = Release|Any CPU
		{BFD3350B-1D2E-4D7E-AEC2-EFFE339DDEB7}.Release|Any CPU.Deploy.0 = Release|Any CPU
	EndGlobalSection
	GlobalSection(SolutionProperties) = preSolution
		HideSolutionNode = FALSE
	EndGlobalSection
EndGlobal
